
Microsoft Visual Studio Solution File, Format Version 12.00
# Visual Studio Version 17
VisualStudioVersion = 17.8.34309.116
MinimumVisualStudioVersion = 10.0.40219.1
Project("{FAE04EC0-301F-11D3-BF4B-00C04F79EFBC}") = "ChatWithSignalR", "ChatWithSignalR\ChatWithSignalR.csproj", "{8C5E355B-8811-4C8F-BE87-43BCD39ADFFA}"
EndProject
Global
	GlobalSection(SolutionConfigurationPlatforms) = preSolution
		Debug|Any CPU = Debug|Any CPU
		Release|Any CPU = Release|Any CPU
	EndGlobalSection
	GlobalSection(ProjectConfigurationPlatforms) = postSolution
		{8C5E355B-8811-4C8F-BE87-43BCD39ADFFA}.Debug|Any CPU.ActiveCfg = Debug|Any CPU
		{8C5E355B-8811-4C8F-BE87-43BCD39ADFFA}.Debug|Any CPU.Build.0 = Debug|Any CPU
		{8C5E355B-8811-4C8F-BE87-43BCD39ADFFA}.Release|Any CPU.ActiveCfg = Release|Any CPU
		{8C5E355B-8811-4C8F-BE87-43BCD39ADFFA}.Release|Any CPU.Build.0 = Release|Any CPU
	EndGlobalSection
	GlobalSection(SolutionProperties) = preSolution
		HideSolutionNode = FALSE
	EndGlobalSection
	GlobalSection(ExtensibilityGlobals) = postSolution
		SolutionGuid = {DE1C0682-043D-4A05-BB27-9853DEB66AB1}
	EndGlobalSection
EndGlobal
